# DO NOT EDIT MANUALLY - Managed by Fern Replay
version: "1.0"
generations:
  - commit_sha: 6d357408c18b8ee232346874398d71d7181d31da
    tree_hash: 89737f172937893eafb6f494630708720a747426
    timestamp: 2026-09-11T09:32:49.601Z
    cli_version: unknown
    generator_versions: {}
current_generation: 6d357408c18b8ee232346874398d71d7181d31da
patches: []
